
Microsoft Visual Studio Solution File, Format Version 12.00
Project("{FAE04EC0-301F-11D3-BF4B-00C04F79EFBC}") = "RubiksCubeApp", "RubiksCubeApp.csproj", "{64320863-B664-4905-A249-6C10B121E23F}"
EndProject
Global
	GlobalSection(SolutionConfigurationPlatforms) = preSolution
		Debug|Any CPU = Debug|Any CPU
		Release|Any CPU = Release|Any CPU
	EndGlobalSection
	GlobalSection(ProjectConfigurationPlatforms) = postSolution
		{64320863-B664-4905-A249-6C10B121E23F}.Debug|Any CPU.ActiveCfg = Debug|Any CPU
		{64320863-B664-4905-A249-6C10B121E23F}.Debug|Any CPU.Build.0 = Debug|Any CPU
		{64320863-B664-4905-A249-6C10B121E23F}.Release|Any CPU.ActiveCfg = Release|Any CPU
		{64320863-B664-4905-A249-6C10B121E23F}.Release|Any CPU.Build.0 = Release|Any CPU
	EndGlobalSection
EndGlobal
